
Microsoft Visual Studio Solution File, Format Version 12.00
# Visual Studio Version 17
VisualStudioVersion = 17.1.32421.90
MinimumVisualStudioVersion = 10.0.40219.1
Project("{9A19103F-16F7-4668-BE54-9A1E7A4F7556}") = "HowTo.WebApp", "HowTo.WebApp\HowTo.WebApp.csproj", "{529D59F4-43BB-42A4-B7E3-5471E8B1770A}"
EndProject
Project("{9A19103F-16F7-4668-BE54-9A1E7A4F7556}") = "HowTo.WebApi", "HowTo.WebApi\HowTo.WebApi.csproj", "{CA3EBE69-7A30-44A8-8232-38EB8309C401}"
EndProject
Project("{9A19103F-16F7-4668-BE54-9A1E7A4F7556}") = "HowTo.IdentityApi", "HowTo.IdentityApi\HowTo.IdentityApi.csproj", "{27254E52-2E24-4B23-B985-6A705325C744}"
EndProject
Project("{9A19103F-16F7-4668-BE54-9A1E7A4F7556}") = "HowTo.DataAccess", "HowTo.DataAccess\HowTo.DataAccess.csproj", "{787A090E-D182-46AF-8E57-D41B0CB77AF5}"
EndProject
Project("{9A19103F-16F7-4668-BE54-9A1E7A4F7556}") = "HowTo.Utility", "HowTo.Utility\HowTo.Utility.csproj", "{BD661E07-16D5-4F64-8DBA-52E34A99CC68}"
EndProject
Project("{9A19103F-16F7-4668-BE54-9A1E7A4F7556}") = "HowTo.Logging", "HowTo.Logging\HowTo.Logging.csproj", "{6399E8BF-E85E-4269-A229-069BB38C33F5}"
EndProject
Project("{FAE04EC0-301F-11D3-BF4B-00C04F79EFBC}") = "HowTo.Client", "HowTo.Client\HowTo.Client.csproj", "{7C5989E1-88CB-4979-AA7A-420B2A063217}"
EndProject
Project("{FAE04EC0-301F-11D3-BF4B-00C04F79EFBC}") = "HowTo.BlazorWebAssembly", "HowTo.BlazorWebAssembly\HowTo.BlazorWebAssembly.csproj", "{EADA2B9B-5CEB-49D4-88A8-4C5BB14FEB53}"
EndProject
Project("{FAE04EC0-301F-11D3-BF4B-00C04F79EFBC}") = "HowTo.BlazorServer", "HowTo.BlazorServer\HowTo.BlazorServer.csproj", "{4693C4BA-1E78-491B-A255-761496921456}"
EndProject
Global
	GlobalSection(SolutionConfigurationPlatforms) = preSolution
		Debug|Any CPU = Debug|Any CPU
		Release|Any CPU = Release|Any CPU
	EndGlobalSection
	GlobalSection(ProjectConfigurationPlatforms) = postSolution
		{529D59F4-43BB-42A4-B7E3-5471E8B1770A}.Debug|Any CPU.ActiveCfg = Debug|Any CPU
		{529D59F4-43BB-42A4-B7E3-5471E8B1770A}.Debug|Any CPU.Build.0 = Debug|Any CPU
		{529D59F4-43BB-42A4-B7E3-5471E8B1770A}.Release|Any CPU.ActiveCfg = Release|Any CPU
		{529D59F4-43BB-42A4-B7E3-5471E8B1770A}.Release|Any CPU.Build.0 = Release|Any CPU
		{CA3EBE69-7A30-44A8-8232-38EB8309C401}.Debug|Any CPU.ActiveCfg = Debug|Any CPU
		{CA3EBE69-7A30-44A8-8232-38EB8309C401}.Debug|Any CPU.Build.0 = Debug|Any CPU
		{CA3EBE69-7A30-44A8-8232-38EB8309C401}.Release|Any CPU.ActiveCfg = Release|Any CPU
		{CA3EBE69-7A30-44A8-8232-38EB8309C401}.Release|Any CPU.Build.0 = Release|Any CPU
		{27254E52-2E24-4B23-B985-6A705325C744}.Debug|Any CPU.ActiveCfg = Debug|Any CPU
		{27254E52-2E24-4B23-B985-6A705325C744}.Debug|Any CPU.Build.0 = Debug|Any CPU
		{27254E52-2E24-4B23-B985-6A705325C744}.Release|Any CPU.ActiveCfg = Release|Any CPU
		{27254E52-2E24-4B23-B985-6A705325C744}.Release|Any CPU.Build.0 = Release|Any CPU
		{787A090E-D182-46AF-8E57-D41B0CB77AF5}.Debug|Any CPU.ActiveCfg = Debug|Any CPU
		{787A090E-D182-46AF-8E57-D41B0CB77AF5}.Debug|Any CPU.Build.0 = Debug|Any CPU
		{787A090E-D182-46AF-8E57-D41B0CB77AF5}.Release|Any CPU.ActiveCfg = Release|Any CPU
		{787A090E-D182-46AF-8E57-D41B0CB77AF5}.Release|Any CPU.Build.0 = Release|Any CPU
		{BD661E07-16D5-4F64-8DBA-52E34A99CC68}.Debug|Any CPU.ActiveCfg = Debug|Any CPU
		{BD661E07-16D5-4F64-8DBA-52E34A99CC68}.Debug|Any CPU.Build.0 = Debug|Any CPU
		{BD661E07-16D5-4F64-8DBA-52E34A99CC68}.Release|Any CPU.ActiveCfg = Release|Any CPU
		{BD661E07-16D5-4F64-8DBA-52E34A99CC68}.Release|Any CPU.Build.0 = Release|Any CPU
		{6399E8BF-E85E-4269-A229-069BB38C33F5}.Debug|Any CPU.ActiveCfg = Debug|Any CPU
		{6399E8BF-E85E-4269-A229-069BB38C33F5}.Debug|Any CPU.Build.0 = Debug|Any CPU
		{6399E8BF-E85E-4269-A229-069BB38C33F5}.Release|Any CPU.ActiveCfg = Release|Any CPU
		{6399E8BF-E85E-4269-A229-069BB38C33F5}.Release|Any CPU.Build.0 = Release|Any CPU
		{7C5989E1-88CB-4979-AA7A-420B2A063217}.Debug|Any CPU.ActiveCfg = Debug|Any CPU
		{7C5989E1-88CB-4979-AA7A-420B2A063217}.Debug|Any CPU.Build.0 = Debug|Any CPU
		{7C5989E1-88CB-4979-AA7A-420B2A063217}.Release|Any CPU.ActiveCfg = Release|Any CPU
		{7C5989E1-88CB-4979-AA7A-420B2A063217}.Release|Any CPU.Build.0 = Release|Any CPU
		{EADA2B9B-5CEB-49D4-88A8-4C5BB14FEB53}.Debug|Any CPU.ActiveCfg = Debug|Any CPU
		{EADA2B9B-5CEB-49D4-88A8-4C5BB14FEB53}.Debug|Any CPU.Build.0 = Debug|Any CPU
		{EADA2B9B-5CEB-49D4-88A8-4C5BB14FEB53}.Release|Any CPU.ActiveCfg = Release|Any CPU
		{EADA2B9B-5CEB-49D4-88A8-4C5BB14FEB53}.Release|Any CPU.Build.0 = Release|Any CPU
		{4693C4BA-1E78-491B-A255-761496921456}.Debug|Any CPU.ActiveCfg = Debug|Any CPU
		{4693C4BA-1E78-491B-A255-761496921456}.Debug|Any CPU.Build.0 = Debug|Any CPU
		{4693C4BA-1E78-491B-A255-761496921456}.Release|Any CPU.ActiveCfg = Release|Any CPU
		{4693C4BA-1E78-491B-A255-761496921456}.Release|Any CPU.Build.0 = Release|Any CPU
	EndGlobalSection
	GlobalSection(SolutionProperties) = preSolution
		HideSolutionNode = FALSE
	EndGlobalSection
	GlobalSection(ExtensibilityGlobals) = postSolution
		SolutionGuid = {3AFEA170-3E38-4188-9A4C-986020605B58}
	EndGlobalSection
EndGlobal
